// !$*UTF8*$!
{
	archiveVersion = 1;
	classes = {
	};
	objectVersion = 50;
	objects = {

/* Begin PBXBuildFile section */
		0B4C64EE23EAF1D60056F304 /* PictureCell.swift in Sources */ = {isa = PBXBuildFile; fileRef = 0B4C64ED23EAF1D60056F304 /* PictureCell.swift */; };
		0B4C64F623EB0A4D0056F304 /* TestResultViewController.swift in Sources */ = {isa = PBXBuildFile; fileRef = 0B4C64F523EB0A4D0056F304 /* TestResultViewController.swift */; };
		0B4D002623CB1F2A001A6A79 /* ResultsViewController.swift in Sources */ = {isa = PBXBuildFile; fileRef = 0B4D002523CB1F2A001A6A79 /* ResultsViewController.swift */; };
		0B4DB1BA23E1C65600A4DB3D /* VideoGameViewController.swift in Sources */ = {isa = PBXBuildFile; fileRef = 0B4DB1B923E1C65600A4DB3D /* VideoGameViewController.swift */; };
		0BCBAF5C23D873F9008E0A1A /* Question.swift in Sources */ = {isa = PBXBuildFile; fileRef = 0BCBAF5B23D873F9008E0A1A /* Question.swift */; };
		0BCBAF5E23D87793008E0A1A /* QuestionArray.swift in Sources */ = {isa = PBXBuildFile; fileRef = 0BCBAF5D23D87793008E0A1A /* QuestionArray.swift */; };
		0BEA659723C4DD6200D518E9 /* AppDelegate.swift in Sources */ = {isa = PBXBuildFile; fileRef = 0BEA659623C4DD6200D518E9 /* AppDelegate.swift */; };
		0BEA659923C4DD6200D518E9 /* SceneDelegate.swift in Sources */ = {isa = PBXBuildFile; fileRef = 0BEA659823C4DD6200D518E9 /* SceneDelegate.swift */; };
		0BEA659B23C4DD6200D518E9 /* ViewController.swift in Sources */ = {isa = PBXBuildFile; fileRef = 0BEA659A23C4DD6200D518E9 /* ViewController.swift */; };
		0BEA659E23C4DD6200D518E9 /* Main.storyboard in Resources */ = {isa = PBXBuildFile; fileRef = 0BEA659C23C4DD6200D518E9 /* Main.storyboard */; };
		0BEA65A023C4DD6300D518E9 /* Assets.xcassets in Resources */ = {isa = PBXBuildFile; fileRef = 0BEA659F23C4DD6300D518E9 /* Assets.xcassets */; };
		0BEA65A323C4DD6300D518E9 /* LaunchScreen.storyboard in Resources */ = {isa = PBXBuildFile; fileRef = 0BEA65A123C4DD6300D518E9 /* LaunchScreen.storyboard */; };
/* End PBXBuildFile section */

/* Begin PBXFileReference section */
		0B4C64ED23EAF1D60056F304 /* PictureCell.swift */ = {isa = PBXFileReference; lastKnownFileType = sourcecode.swift; path = PictureCell.swift; sourceTree = "<group>"; };
		0B4C64F523EB0A4D0056F304 /* TestResultViewController.swift */ = {isa = PBXFileReference; lastKnownFileType = sourcecode.swift; path = TestResultViewController.swift; sourceTree = "<group>"; };
		0B4D002523CB1F2A001A6A79 /* ResultsViewController.swift */ = {isa = PBXFileReference; lastKnownFileType = sourcecode.swift; path = ResultsViewController.swift; sourceTree = "<group>"; };
		0B4DB1B923E1C65600A4DB3D /* VideoGameViewController.swift */ = {isa = PBXFileReference; lastKnownFileType = sourcecode.swift; path = VideoGameViewController.swift; sourceTree = "<group>"; };
		0BCBAF5B23D873F9008E0A1A /* Question.swift */ = {isa = PBXFileReference; lastKnownFileType = sourcecode.swift; path = Question.swift; sourceTree = "<group>"; };
		0BCBAF5D23D87793008E0A1A /* QuestionArray.swift */ = {isa = PBXFileReference; lastKnownFileType = sourcecode.swift; path = QuestionArray.swift; sourceTree = "<group>"; };
		0BEA659323C4DD6200D518E9 /* quizApp2.app */ = {isa = PBXFileReference; explicitFileType = wrapper.application; includeInIndex = 0; path = quizApp2.app; sourceTree = BUILT_PRODUCTS_DIR; };
		0BEA659623C4DD6200D518E9 /* AppDelegate.swift */ = {isa = PBXFileReference; lastKnownFileType = sourcecode.swift; path = AppDelegate.swift; sourceTree = "<group>"; };
		0BEA659823C4DD6200D518E9 /* SceneDelegate.swift */ = {isa = PBXFileReference; lastKnownFileType = sourcecode.swift; path = SceneDelegate.swift; sourceTree = "<group>"; };
		0BEA659A23C4DD6200D518E9 /* ViewController.swift */ = {isa = PBXFileReference; lastKnownFileType = sourcecode.swift; path = ViewController.swift; sourceTree = "<group>"; };
		0BEA659D23C4DD6200D518E9 /* Base */ = {isa = PBXFileReference; lastKnownFileType = file.storyboard; name = Base; path = Base.lproj/Main.storyboard; sourceTree = "<group>"; };
		0BEA659F23C4DD6300D518E9 /* Assets.xcassets */ = {isa = PBXFileReference; lastKnownFileType = folder.assetcatalog; path = Assets.xcassets; sourceTree = "<group>"; };
		0BEA65A223C4DD6300D518E9 /* Base */ = {isa = PBXFileReference; lastKnownFileType = file.storyboard; name = Base; path = Base.lproj/LaunchScreen.storyboard; sourceTree = "<group>"; };
		0BEA65A423C4DD6300D518E9 /* Info.plist */ = {isa = PBXFileReference; lastKnownFileType = text.plist.xml; path = Info.plist; sourceTree = "<group>"; };
/* End PBXFileReference section */

/* Begin PBXFrameworksBuildPhase section */
		0BEA659023C4DD6200D518E9 /* Frameworks */ = {
			isa = PBXFrameworksBuildPhase;
			buildActionMask = 2147483647;
			files = (
			);
			runOnlyForDeploymentPostprocessing = 0;
		};
/* End PBXFrameworksBuildPhase section */

/* Begin PBXGroup section */
		0BEA658A23C4DD6200D518E9 = {
			isa = PBXGroup;
			children = (
				0BEA659523C4DD6200D518E9 /* quizApp2 */,
				0BEA659423C4DD6200D518E9 /* Products */,
			);
			sourceTree = "<group>";
		};
		0BEA659423C4DD6200D518E9 /* Products */ = {
			isa = PBXGroup;
			children = (
				0BEA659323C4DD6200D518E9 /* quizApp2.app */,
			);
			name = Products;
			sourceTree = "<group>";
		};
		0BEA659523C4DD6200D518E9 /* quizApp2 */ = {
			isa = PBXGroup;
			children = (
				0B4C64ED23EAF1D60056F304 /* PictureCell.swift */,
				0B4C64F523EB0A4D0056F304 /* TestResultViewController.swift */,
				0BCBAF5B23D873F9008E0A1A /* Question.swift */,
				0BCBAF5D23D87793008E0A1A /* QuestionArray.swift */,
				0BEA659623C4DD6200D518E9 /* AppDelegate.swift */,
				0BEA659823C4DD6200D518E9 /* SceneDelegate.swift */,
				0BEA659A23C4DD6200D518E9 /* ViewController.swift */,
				0B4DB1B923E1C65600A4DB3D /* VideoGameViewController.swift */,
				0B4D002523CB1F2A001A6A79 /* ResultsViewController.swift */,
				0BEA659C23C4DD6200D518E9 /* Main.storyboard */,
				0BEA659F23C4DD6300D518E9 /* Assets.xcassets */,
				0BEA65A123C4DD6300D518E9 /* LaunchScreen.storyboard */,
				0BEA65A423C4DD6300D518E9 /* Info.plist */,
			);
			path = quizApp2;
			sourceTree = "<group>";
		};
/* End PBXGroup section */

/* Begin PBXNativeTarget section */
		0BEA659223C4DD6200D518E9 /* quizApp2 */ = {
			isa = PBXNativeTarget;
			buildConfigurationList = 0BEA65A723C4DD6300D518E9 /* Build configuration list for PBXNativeTarget "quizApp2" */;
			buildPhases = (
				0BEA658F23C4DD6200D518E9 /* Sources */,
				0BEA659023C4DD6200D518E9 /* Frameworks */,
				0BEA659123C4DD6200D518E9 /* Resources */,
			);
			buildRules = (
			);
			dependencies = (
			);
			name = quizApp2;
			productName = quizApp2;
			productReference = 0BEA659323C4DD6200D518E9 /* quizApp2.app */;
			productType = "com.apple.product-type.application";
		};
/* End PBXNativeTarget section */

/* Begin PBXProject section */
		0BEA658B23C4DD6200D518E9 /* Project object */ = {
			isa = PBXProject;
			attributes = {
				LastSwiftUpdateCheck = 1130;
				LastUpgradeCheck = 1130;
				ORGANIZATIONNAME = "Jacob  Ehnvall";
				TargetAttributes = {
					0BEA659223C4DD6200D518E9 = {
						CreatedOnToolsVersion = 11.3;
					};
				};
			};
			buildConfigurationList = 0BEA658E23C4DD6200D518E9 /* Build configuration list for PBXProject "quizApp2" */;
			compatibilityVersion = "Xcode 9.3";
			developmentRegion = en;
			hasScannedForEncodings = 0;
			knownRegions = (
				en,
				Base,
			);
			mainGroup = 0BEA658A23C4DD6200D518E9;
			productRefGroup = 0BEA659423C4DD6200D518E9 /* Products */;
			projectDirPath = "";
			projectRoot = "";
			targets = (
				0BEA659223C4DD6200D518E9 /* quizApp2 */,
			);
		};
/* End PBXProject section */

/* Begin PBXResourcesBuildPhase section */
		0BEA659123C4DD6200D518E9 /* Resources */ = {
			isa = PBXResourcesBuildPhase;
			buildActionMask = 2147483647;
			files = (
				0BEA65A323C4DD6300D518E9 /* LaunchScreen.storyboard in Resources */,
				0BEA65A023C4DD6300D518E9 /* Assets.xcassets in Resources */,
				0BEA659E23C4DD6200D518E9 /* Main.storyboard in Resources */,
			);
			runOnlyForDeploymentPostprocessing = 0;
		};
/* End PBXResourcesBuildPhase section */

/* Begin PBXSourcesBuildPhase section */
		0BEA658F23C4DD6200D518E9 /* Sources */ = {
			isa = PBXSourcesBuildPhase;
			buildActionMask = 2147483647;
			files = (
				0BCBAF5C23D873F9008E0A1A /* Question.swift in Sources */,
				0BEA659B23C4DD6200D518E9 /* ViewController.swift in Sources */,
				0BEA659723C4DD6200D518E9 /* AppDelegate.swift in Sources */,
				0BCBAF5E23D87793008E0A1A /* QuestionArray.swift in Sources */,
				0B4DB1BA23E1C65600A4DB3D /* VideoGameViewController.swift in Sources */,
				0B4C64EE23EAF1D60056F304 /* PictureCell.swift in Sources */,
				0B4C64F623EB0A4D0056F304 /* TestResultViewController.swift in Sources */,
				0BEA659923C4DD6200D518E9 /* SceneDelegate.swift in Sources */,
				0B4D002623CB1F2A001A6A79 /* ResultsViewController.swift in Sources */,
			);
			runOnlyForDeploymentPostprocessing = 0;
		};
/* End PBXSourcesBuildPhase section */

/* Begin PBXVariantGroup section */
		0BEA659C23C4DD6200D518E9 /* Main.storyboard */ = {
			isa = PBXVariantGroup;
			children = (
				0BEA659D23C4DD6200D518E9 /* Base */,
			);
			name = Main.storyboard;
			sourceTree = "<group>";
		};
		0BEA65A123C4DD6300D518E9 /* LaunchScreen.storyboard */ = {
			isa = PBXVariantGroup;
			children = (
				0BEA65A223C4DD6300D518E9 /* Base */,
			);
			name = LaunchScreen.storyboard;
			sourceTree = "<group>";
		};
/* End PBXVariantGroup section */

/* Begin XCBuildConfiguration section */
		0BEA65A523C4DD6300D518E9 /* Debug */ = {
			isa = XCBuildConfiguration;
			buildSettings = {
				ALWAYS_SEARCH_USER_PATHS = NO;
				CLANG_ANALYZER_NONNULL = YES;
				CLANG_ANALYZER_NUMBER_OBJECT_CONVERSION = YES_AGGRESSIVE;
				CLANG_CXX_LANGUAGE_STANDARD = "gnu++14";
				CLANG_CXX_LIBRARY = "libc++";
				CLANG_ENABLE_MODULES = YES;
				CLANG_ENABLE_OBJC_ARC = YES;
				CLANG_ENABLE_OBJC_WEAK = YES;
				CLANG_WARN_BLOCK_CAPTURE_AUTORELEASING = YES;
				CLANG_WARN_BOOL_CONVERSION = YES;
				CLANG_WARN_COMMA = YES;
				CLANG_WARN_CONSTANT_CONVERSION = YES;
				CLANG_WARN_DEPRECATED_OBJC_IMPLEMENTATIONS = YES;
				CLANG_WARN_DIRECT_OBJC_ISA_USAGE = YES_ERROR;
				CLANG_WARN_DOCUMENTATION_COMMENTS = YES;
				CLANG_WARN_EMPTY_BODY = YES;
				CLANG_WARN_ENUM_CONVERSION = YES;
				CLANG_WARN_INFINITE_RECURSION = YES;
				CLANG_WARN_INT_CONVERSION = YES;
				CLANG_WARN_NON_LITERAL_NULL_CONVERSION = YES;
				CLANG_WARN_OBJC_IMPLICIT_RETAIN_SELF = YES;
				CLANG_WARN_OBJC_LITERAL_CONVERSION = YES;
				CLANG_WARN_OBJC_ROOT_CLASS = YES_ERROR;
				CLANG_WARN_RANGE_LOOP_ANALYSIS = YES;
				CLANG_WARN_STRICT_PROTOTYPES = YES;
				CLANG_WARN_SUSPICIOUS_MOVE = YES;
				CLANG_WARN_UNGUARDED_AVAILABILITY = YES_AGGRESSIVE;
				CLANG_WARN_UNREACHABLE_CODE = YES;
				CLANG_WARN__DUPLICATE_METHOD_MATCH = YES;
				COPY_PHASE_STRIP = NO;
				DEBUG_INFORMATION_FORMAT = dwarf;
				ENABLE_STRICT_OBJC_MSGSEND = YES;
				ENABLE_TESTABILITY = YES;
				GCC_C_LANGUAGE_STANDARD = gnu11;
				GCC_DYNAMIC_NO_PIC = NO;
				GCC_NO_COMMON_BLOCKS = YES;
				GCC_OPTIMIZATION_LEVEL = 0;
				GCC_PREPROCESSOR_DEFINITIONS = (
					"DEBUG=1",
					"$(inherited)",
				);
				GCC_WARN_64_TO_32_BIT_CONVERSION = YES;
				GCC_WARN_ABOUT_RETURN_TYPE = YES_ERROR;
				GCC_WARN_UNDECLARED_SELECTOR = YES;
				GCC_WARN_UNINITIALIZED_AUTOS = YES_AGGRESSIVE;
				GCC_WARN_UNUSED_FUNCTION = YES;
				GCC_WARN_UNUSED_VARIABLE = YES;
				IPHONEOS_DEPLOYMENT_TARGET = 13.2;
				MTL_ENABLE_DEBUG_INFO = INCLUDE_SOURCE;
				MTL_FAST_MATH = YES;
				ONLY_ACTIVE_ARCH = YES;
				SDKROOT = iphoneos;
				SWIFT_ACTIVE_COMPILATION_CONDITIONS = DEBUG;
				SWIFT_OPTIMIZATION_LEVEL = "-Onone";
			};
			name = Debug;
		};
		0BEA65A623C4DD6300D518E9 /* Release */ = {
			isa = XCBuildConfiguration;
			buildSettings = {
				ALWAYS_SEARCH_USER_PATHS = NO;
				CLANG_ANALYZER_NONNULL = YES;
				CLANG_ANALYZER_NUMBER_OBJECT_CONVERSION = YES_AGGRESSIVE;
				CLANG_CXX_LANGUAGE_STANDARD = "gnu++14";
				CLANG_CXX_LIBRARY = "libc++";
				CLANG_ENABLE_MODULES = YES;
				CLANG_ENABLE_OBJC_ARC = YES;
				CLANG_ENABLE_OBJC_WEAK = YES;
				CLANG_WARN_BLOCK_CAPTURE_AUTORELEASING = YES;
				CLANG_WARN_BOOL_CONVERSION = YES;
				CLANG_WARN_COMMA = YES;
				CLANG_WARN_CONSTANT_CONVERSION = YES;
				CLANG_WARN_DEPRECATED_OBJC_IMPLEMENTATIONS = YES;
				CLANG_WARN_DIRECT_OBJC_ISA_USAGE = YES_ERROR;
				CLANG_WARN_DOCUMENTATION_COMMENTS = YES;
				CLANG_WARN_EMPTY_BODY = YES;
				CLANG_WARN_ENUM_CONVERSION = YES;
				CLANG_WARN_INFINITE_RECURSION = YES;
				CLANG_WARN_INT_CONVERSION = YES;
				CLANG_WARN_NON_LITERAL_NULL_CONVERSION = YES;
				CLANG_WARN_OBJC_IMPLICIT_RETAIN_SELF = YES;
				CLANG_WARN_OBJC_LITERAL_CONVERSION = YES;
				CLANG_WARN_OBJC_ROOT_CLASS = YES_ERROR;
				CLANG_WARN_RANGE_LOOP_ANALYSIS = YES;
				CLANG_WARN_STRICT_PROTOTYPES = YES;
				CLANG_WARN_SUSPICIOUS_MOVE = YES;
				CLANG_WARN_UNGUARDED_AVAILABILITY = YES_AGGRESSIVE;
				CLANG_WARN_UNREACHABLE_CODE = YES;
				CLANG_WARN__DUPLICATE_METHOD_MATCH = YES;
				COPY_PHASE_STRIP = NO;
				DEBUG_INFORMATION_FORMAT = "dwarf-with-dsym";
				ENABLE_NS_ASSERTIONS = NO;
				ENABLE_STRICT_OBJC_MSGSEND = YES;
				GCC_C_LANGUAGE_STANDARD = gnu11;
				GCC_NO_COMMON_BLOCKS = YES;
				GCC_WARN_64_TO_32_BIT_CONVERSION = YES;
				GCC_WARN_ABOUT_RETURN_TYPE = YES_ERROR;
				GCC_WARN_UNDECLARED_SELECTOR = YES;
				GCC_WARN_UNINITIALIZED_AUTOS = YES_AGGRESSIVE;
				GCC_WARN_UNUSED_FUNCTION = YES;
				GCC_WARN_UNUSED_VARIABLE = YES;
				IPHONEOS_DEPLOYMENT_TARGET = 13.2;
				MTL_ENABLE_DEBUG_INFO = NO;
				MTL_FAST_MATH = YES;
				SDKROOT = iphoneos;
				SWIFT_COMPILATION_MODE = wholemodule;
				SWIFT_OPTIMIZATION_LEVEL = "-O";
				VALIDATE_PRODUCT = YES;
			};
			name = Release;
		};
		0BEA65A823C4DD6300D518E9 /* Debug */ = {
			isa = XCBuildConfiguration;
			buildSettings = {
				ASSETCATALOG_COMPILER_APPICON_NAME = AppIcon;
				CODE_SIGN_STYLE = Automatic;
				INFOPLIST_FILE = quizApp2/Info.plist;
				LD_RUNPATH_SEARCH_PATHS = (
					"$(inherited)",
					"@executable_path/Frameworks",
				);
				PRODUCT_BUNDLE_IDENTIFIER = Jacob.quizApp2;
				PRODUCT_NAME = "$(TARGET_NAME)";
				SWIFT_VERSION = 5.0;
				TARGETED_DEVICE_FAMILY = "1,2";
			};
			name = Debug;
		};
		0BEA65A923C4DD6300D518E9 /* Release */ = {
			isa = XCBuildConfiguration;
			buildSettings = {
				ASSETCATALOG_COMPILER_APPICON_NAME = AppIcon;
				CODE_SIGN_STYLE = Automatic;
				INFOPLIST_FILE = quizApp2/Info.plist;
				LD_RUNPATH_SEARCH_PATHS = (
					"$(inherited)",
					"@executable_path/Frameworks",
				);
				PRODUCT_BUNDLE_IDENTIFIER = Jacob.quizApp2;
				PRODUCT_NAME = "$(TARGET_NAME)";
				SWIFT_VERSION = 5.0;
				TARGETED_DEVICE_FAMILY = "1,2";
			};
			name = Release;
		};
/* End XCBuildConfiguration section */

/* Begin XCConfigurationList section */
		0BEA658E23C4DD6200D518E9 /* Build configuration list for PBXProject "quizApp2" */ = {
			isa = XCConfigurationList;
			buildConfigurations = (
				0BEA65A523C4DD6300D518E9 /* Debug */,
				0BEA65A623C4DD6300D518E9 /* Release */,
			);
			defaultConfigurationIsVisible = 0;
			defaultConfigurationName = Release;
		};
		0BEA65A723C4DD6300D518E9 /* Build configuration list for PBXNativeTarget "quizApp2" */ = {
			isa = XCConfigurationList;
			buildConfigurations = (
				0BEA65A823C4DD6300D518E9 /* Debug */,
				0BEA65A923C4DD6300D518E9 /* Release */,
			);
			defaultConfigurationIsVisible = 0;
			defaultConfigurationName = Release;
		};
/* End XCConfigurationList section */
	};
	rootObject = 0BEA658B23C4DD6200D518E9 /* Project object */;
}
